
Microsoft Visual Studio Solution File, Format Version 12.00
# Visual Studio 15
VisualStudioVersion = 15.0.28307.271
MinimumVisualStudioVersion = 10.0.40219.1
Project("{FAE04EC0-301F-11D3-BF4B-00C04F79EFBC}") = "Rutas.Android", "Rutas\Rutas.Android\Rutas.Android.csproj", "{ACDBA1D2-5ABF-4417-8028-B9D5BF8E60AB}"
EndProject
Project("{FAE04EC0-301F-11D3-BF4B-00C04F79EFBC}") = "Rutas.iOS", "Rutas\Rutas.iOS\Rutas.iOS.csproj", "{1F3A4E0A-1E07-4CAC-8897-37E6DAA75233}"
EndProject
Project("{FAE04EC0-301F-11D3-BF4B-00C04F79EFBC}") = "Rutas.UWP", "Rutas\Rutas.UWP\Rutas.UWP.csproj", "{7CF63EAB-7B83-434C-BA78-82737EA470E5}"
EndProject
Project("{9A19103F-16F7-4668-BE54-9A1E7A4F7556}") = "Rutas", "Rutas\Rutas\Rutas.csproj", "{DA305DBB-8463-4521-AE2E-F377B6E0C4B1}"
EndProject
Project("{FAE04EC0-301F-11D3-BF4B-00C04F79EFBC}") = "Rutas.Backend", "Rutas.Backend\Rutas.Backend.csproj", "{884DBA00-CA0D-4A8A-8FE9-413033839A59}"
EndProject
Project("{FAE04EC0-301F-11D3-BF4B-00C04F79EFBC}") = "Rutas.API", "Rutas.API\Rutas.API.csproj", "{A5F1BD24-7424-4F24-B2D4-903B9E9F4FE3}"
EndProject
Project("{FAE04EC0-301F-11D3-BF4B-00C04F79EFBC}") = "Rutas.Domain", "Rutas.Domain\Rutas.Domain.csproj", "{D0A7DD87-17AB-423E-A6D1-32C35D670FA3}"
EndProject
Project("{FAE04EC0-301F-11D3-BF4B-00C04F79EFBC}") = "Rutas.Common", "Rutas.Common\Rutas.Common.csproj", "{DA82A67B-8B10-4465-BA39-15D1744EBF9C}"
EndProject
Global
	GlobalSection(SolutionConfigurationPlatforms) = preSolution
		Ad-Hoc|Any CPU = Ad-Hoc|Any CPU
		Ad-Hoc|ARM = Ad-Hoc|ARM
		Ad-Hoc|iPhone = Ad-Hoc|iPhone
		Ad-Hoc|iPhoneSimulator = Ad-Hoc|iPhoneSimulator
		Ad-Hoc|x64 = Ad-Hoc|x64
		Ad-Hoc|x86 = Ad-Hoc|x86
		AppStore|Any CPU = AppStore|Any CPU
		AppStore|ARM = AppStore|ARM
		AppStore|iPhone = AppStore|iPhone
		AppStore|iPhoneSimulator = AppStore|iPhoneSimulator
		AppStore|x64 = AppStore|x64
		AppStore|x86 = AppStore|x86
		Debug|Any CPU = Debug|Any CPU
		Debug|ARM = Debug|ARM
		Debug|iPhone = Debug|iPhone
		Debug|iPhoneSimulator = Debug|iPhoneSimulator
		Debug|x64 = Debug|x64
		Debug|x86 = Debug|x86
		Release|Any CPU = Release|Any CPU
		Release|ARM = Release|ARM
		Release|iPhone = Release|iPhone
		Release|iPhoneSimulator = Release|iPhoneSimulator
		Release|x64 = Release|x64
		Release|x86 = Release|x86
	EndGlobalSection
	GlobalSection(ProjectConfigurationPlatforms) = postSolution
		{ACDBA1D2-5ABF-4417-8028-B9D5BF8E60AB}.Ad-Hoc|Any CPU.ActiveCfg = Release|Any CPU
		{ACDBA1D2-5ABF-4417-8028-B9D5BF8E60AB}.Ad-Hoc|Any CPU.Build.0 = Release|Any CPU
		{ACDBA1D2-5ABF-4417-8028-B9D5BF8E60AB}.Ad-Hoc|Any CPU.Deploy.0 = Release|Any CPU
		{ACDBA1D2-5ABF-4417-8028-B9D5BF8E60AB}.Ad-Hoc|ARM.ActiveCfg = Release|Any CPU
		{ACDBA1D2-5ABF-4417-8028-B9D5BF8E60AB}.Ad-Hoc|ARM.Build.0 = Release|Any CPU
		{ACDBA1D2-5ABF-4417-8028-B9D5BF8E60AB}.Ad-Hoc|ARM.Deploy.0 = Release|Any CPU
		{ACDBA1D2-5ABF-4417-8028-B9D5BF8E60AB}.Ad-Hoc|iPhone.ActiveCfg = Release|Any CPU
		{ACDBA1D2-5ABF-4417-8028-B9D5BF8E60AB}.Ad-Hoc|iPhone.Build.0 = Release|Any CPU
		{ACDBA1D2-5ABF-4417-8028-B9D5BF8E60AB}.Ad-Hoc|iPhone.Deploy.0 = Release|Any CPU
		{ACDBA1D2-5ABF-4417-8028-B9D5BF8E60AB}.Ad-Hoc|iPhoneSimulator.ActiveCfg = Release|Any CPU
		{ACDBA1D2-5ABF-4417-8028-B9D5BF8E60AB}.Ad-Hoc|iPhoneSimulator.Build.0 = Release|Any CPU
		{ACDBA1D2-5ABF-4417-8028-B9D5BF8E60AB}.Ad-Hoc|iPhoneSimulator.Deploy.0 = Release|Any CPU
		{ACDBA1D2-5ABF-4417-8028-B9D5BF8E60AB}.Ad-Hoc|x64.ActiveCfg = Release|Any CPU
		{ACDBA1D2-5ABF-4417-8028-B9D5BF8E60AB}.Ad-Hoc|x64.Build.0 = Release|Any CPU
		{ACDBA1D2-5ABF-4417-8028-B9D5BF8E60AB}.Ad-Hoc|x64.Deploy.0 = Release|Any CPU
		{ACDBA1D2-5ABF-4417-8028-B9D5BF8E60AB}.Ad-Hoc|x86.ActiveCfg = Release|Any CPU
		{ACDBA1D2-5ABF-4417-8028-B9D5BF8E60AB}.Ad-Hoc|x86.Build.0 = Release|Any CPU
		{ACDBA1D2-5ABF-4417-8028-B9D5BF8E60AB}.Ad-Hoc|x86.Deploy.0 = Release|Any CPU
		{ACDBA1D2-5ABF-4417-8028-B9D5BF8E60AB}.AppStore|Any CPU.ActiveCfg = Release|Any CPU
		{ACDBA1D2-5ABF-4417-8028-B9D5BF8E60AB}.AppStore|Any CPU.Build.0 = Release|Any CPU
		{ACDBA1D2-5ABF-4417-8028-B9D5BF8E60AB}.AppStore|Any CPU.Deploy.0 = Release|Any CPU
		{ACDBA1D2-5ABF-4417-8028-B9D5BF8E60AB}.AppStore|ARM.ActiveCfg = Release|Any CPU
		{ACDBA1D2-5ABF-4417-8028-B9D5BF8E60AB}.AppStore|ARM.Build.0 = Release|Any CPU
		{ACDBA1D2-5ABF-4417-8028-B9D5BF8E60AB}.AppStore|ARM.Deploy.0 = Release|Any CPU
		{ACDBA1D2-5ABF-4417-8028-B9D5BF8E60AB}.AppStore|iPhone.ActiveCfg = Release|Any CPU
		{ACDBA1D2-5ABF-4417-8028-B9D5BF8E60AB}.AppStore|iPhone.Build.0 = Release|Any CPU
		{ACDBA1D2-5ABF-4417-8028-B9D5BF8E60AB}.AppStore|iPhone.Deploy.0 = Release|Any CPU
		{ACDBA1D2-5ABF-4417-8028-B9D5BF8E60AB}.AppStore|iPhoneSimulator.ActiveCfg = Release|Any CPU
		{ACDBA1D2-5ABF-4417-8028-B9D5BF8E60AB}.AppStore|iPhoneSimulator.Build.0 = Release|Any CPU
		{ACDBA1D2-5ABF-4417-8028-B9D5BF8E60AB}.AppStore|iPhoneSimulator.Deploy.0 = Release|Any CPU
		{ACDBA1D2-5ABF-4417-8028-B9D5BF8E60AB}.AppStore|x64.ActiveCfg = Release|Any CPU
		{ACDBA1D2-5ABF-4417-8028-B9D5BF8E60AB}.AppStore|x64.Build.0 = Release|Any CPU
		{ACDBA1D2-5ABF-4417-8028-B9D5BF8E60AB}.AppStore|x64.Deploy.0 = Release|Any CPU
		{ACDBA1D2-5ABF-4417-8028-B9D5BF8E60AB}.AppStore|x86.ActiveCfg = Release|Any CPU
		{ACDBA1D2-5ABF-4417-8028-B9D5BF8E60AB}.AppStore|x86.Build.0 = Release|Any CPU
		{ACDBA1D2-5ABF-4417-8028-B9D5BF8E60AB}.AppStore|x86.Deploy.0 = Release|Any CPU
		{ACDBA1D2-5ABF-4417-8028-B9D5BF8E60AB}.Debug|Any CPU.ActiveCfg = Debug|Any CPU
		{ACDBA1D2-5ABF-4417-8028-B9D5BF8E60AB}.Debug|Any CPU.Build.0 = Debug|Any CPU
		{ACDBA1D2-5ABF-4417-8028-B9D5BF8E60AB}.Debug|Any CPU.Deploy.0 = Debug|Any CPU
		{ACDBA1D2-5ABF-4417-8028-B9D5BF8E60AB}.Debug|ARM.ActiveCfg = Debug|Any CPU
		{ACDBA1D2-5ABF-4417-8028-B9D5BF8E60AB}.Debug|ARM.Build.0 = Debug|Any CPU
		{ACDBA1D2-5ABF-4417-8028-B9D5BF8E60AB}.Debug|ARM.Deploy.0 = Debug|Any CPU
		{ACDBA1D2-5ABF-4417-8028-B9D5BF8E60AB}.Debug|iPhone.ActiveCfg = Debug|Any CPU
		{ACDBA1D2-5ABF-4417-8028-B9D5BF8E60AB}.Debug|iPhone.Build.0 = Debug|Any CPU
		{ACDBA1D2-5ABF-4417-8028-B9D5BF8E60AB}.Debug|iPhone.Deploy.0 = Debug|Any CPU
		{ACDBA1D2-5ABF-4417-8028-B9D5BF8E60AB}.Debug|iPhoneSimulator.ActiveCfg = Debug|Any CPU
		{ACDBA1D2-5ABF-4417-8028-B9D5BF8E60AB}.Debug|iPhoneSimulator.Build.0 = Debug|Any CPU
		{ACDBA1D2-5ABF-4417-8028-B9D5BF8E60AB}.Debug|iPhoneSimulator.Deploy.0 = Debug|Any CPU
		{ACDBA1D2-5ABF-4417-8028-B9D5BF8E60AB}.Debug|x64.ActiveCfg = Debug|Any CPU
		{ACDBA1D2-5ABF-4417-8028-B9D5BF8E60AB}.Debug|x64.Build.0 = Debug|Any CPU
		{ACDBA1D2-5ABF-4417-8028-B9D5BF8E60AB}.Debug|x64.Deploy.0 = Debug|Any CPU
		{ACDBA1D2-5ABF-4417-8028-B9D5BF8E60AB}.Debug|x86.ActiveCfg = Debug|Any CPU
		{ACDBA1D2-5ABF-4417-8028-B9D5BF8E60AB}.Debug|x86.Build.0 = Debug|Any CPU
		{ACDBA1D2-5ABF-4417-8028-B9D5BF8E60AB}.Debug|x86.Deploy.0 = Debug|Any CPU
		{ACDBA1D2-5ABF-4417-8028-B9D5BF8E60AB}.Release|Any CPU.ActiveCfg = Release|Any CPU
		{ACDBA1D2-5ABF-4417-8028-B9D5BF8E60AB}.Release|Any CPU.Build.0 = Release|Any CPU
		{ACDBA1D2-5ABF-4417-8028-B9D5BF8E60AB}.Release|Any CPU.Deploy.0 = Release|Any CPU
		{ACDBA1D2-5ABF-4417-8028-B9D5BF8E60AB}.Release|ARM.ActiveCfg = Release|Any CPU
		{ACDBA1D2-5ABF-4417-8028-B9D5BF8E60AB}.Release|ARM.Build.0 = Release|Any CPU
		{ACDBA1D2-5ABF-4417-8028-B9D5BF8E60AB}.Release|ARM.Deploy.0 = Release|Any CPU
		{ACDBA1D2-5ABF-4417-8028-B9D5BF8E60AB}.Release|iPhone.ActiveCfg = Release|Any CPU
		{ACDBA1D2-5ABF-4417-8028-B9D5BF8E60AB}.Release|iPhone.Build.0 = Release|Any CPU
		{ACDBA1D2-5ABF-4417-8028-B9D5BF8E60AB}.Release|iPhone.Deploy.0 = Release|Any CPU
		{ACDBA1D2-5ABF-4417-8028-B9D5BF8E60AB}.Release|iPhoneSimulator.ActiveCfg = Release|Any CPU
		{ACDBA1D2-5ABF-4417-8028-B9D5BF8E60AB}.Release|iPhoneSimulator.Build.0 = Release|Any CPU
		{ACDBA1D2-5ABF-4417-8028-B9D5BF8E60AB}.Release|iPhoneSimulator.Deploy.0 = Release|Any CPU
		{ACDBA1D2-5ABF-4417-8028-B9D5BF8E60AB}.Release|x64.ActiveCfg = Release|Any CPU
		{ACDBA1D2-5ABF-4417-8028-B9D5BF8E60AB}.Release|x64.Build.0 = Release|Any CPU
		{ACDBA1D2-5ABF-4417-8028-B9D5BF8E60AB}.Release|x64.Deploy.0 = Release|Any CPU
		{ACDBA1D2-5ABF-4417-8028-B9D5BF8E60AB}.Release|x86.ActiveCfg = Release|Any CPU
		{ACDBA1D2-5ABF-4417-8028-B9D5BF8E60AB}.Release|x86.Build.0 = Release|Any CPU
		{ACDBA1D2-5ABF-4417-8028-B9D5BF8E60AB}.Release|x86.Deploy.0 = Release|Any CPU
		{1F3A4E0A-1E07-4CAC-8897-37E6DAA75233}.Ad-Hoc|Any CPU.ActiveCfg = Ad-Hoc|iPhone
		{1F3A4E0A-1E07-4CAC-8897-37E6DAA75233}.Ad-Hoc|Any CPU.Build.0 = Ad-Hoc|iPhone
		{1F3A4E0A-1E07-4CAC-8897-37E6DAA75233}.Ad-Hoc|Any CPU.Deploy.0 = Ad-Hoc|iPhone
		{1F3A4E0A-1E07-4CAC-8897-37E6DAA75233}.Ad-Hoc|ARM.ActiveCfg = Ad-Hoc|iPhone
		{1F3A4E0A-1E07-4CAC-8897-37E6DAA75233}.Ad-Hoc|ARM.Build.0 = Ad-Hoc|iPhone
		{1F3A4E0A-1E07-4CAC-8897-37E6DAA75233}.Ad-Hoc|ARM.Deploy.0 = Ad-Hoc|iPhone
		{1F3A4E0A-1E07-4CAC-8897-37E6DAA75233}.Ad-Hoc|iPhone.ActiveCfg = Ad-Hoc|iPhone
		{1F3A4E0A-1E07-4CAC-8897-37E6DAA75233}.Ad-Hoc|iPhone.Build.0 = Ad-Hoc|iPhone
		{1F3A4E0A-1E07-4CAC-8897-37E6DAA75233}.Ad-Hoc|iPhone.Deploy.0 = Ad-Hoc|iPhone
		{1F3A4E0A-1E07-4CAC-8897-37E6DAA75233}.Ad-Hoc|iPhoneSimulator.ActiveCfg = Ad-Hoc|iPhoneSimulator
		{1F3A4E0A-1E07-4CAC-8897-37E6DAA75233}.Ad-Hoc|iPhoneSimulator.Build.0 = Ad-Hoc|iPhoneSimulator
		{1F3A4E0A-1E07-4CAC-8897-37E6DAA75233}.Ad-Hoc|iPhoneSimulator.Deploy.0 = Ad-Hoc|iPhoneSimulator
		{1F3A4E0A-1E07-4CAC-8897-37E6DAA75233}.Ad-Hoc|x64.ActiveCfg = Ad-Hoc|iPhone
		{1F3A4E0A-1E07-4CAC-8897-37E6DAA75233}.Ad-Hoc|x64.Build.0 = Ad-Hoc|iPhone
		{1F3A4E0A-1E07-4CAC-8897-37E6DAA75233}.Ad-Hoc|x64.Deploy.0 = Ad-Hoc|iPhone
		{1F3A4E0A-1E07-4CAC-8897-37E6DAA75233}.Ad-Hoc|x86.ActiveCfg = Ad-Hoc|iPhone
		{1F3A4E0A-1E07-4CAC-8897-37E6DAA75233}.Ad-Hoc|x86.Build.0 = Ad-Hoc|iPhone
		{1F3A4E0A-1E07-4CAC-8897-37E6DAA75233}.Ad-Hoc|x86.Deploy.0 = Ad-Hoc|iPhone
		{1F3A4E0A-1E07-4CAC-8897-37E6DAA75233}.AppStore|Any CPU.ActiveCfg = AppStore|iPhone
		{1F3A4E0A-1E07-4CAC-8897-37E6DAA75233}.AppStore|Any CPU.Build.0 = AppStore|iPhone
		{1F3A4E0A-1E07-4CAC-8897-37E6DAA75233}.AppStore|Any CPU.Deploy.0 = AppStore|iPhone
		{1F3A4E0A-1E07-4CAC-8897-37E6DAA75233}.AppStore|ARM.ActiveCfg = AppStore|iPhone
		{1F3A4E0A-1E07-4CAC-8897-37E6DAA75233}.AppStore|ARM.Build.0 = AppStore|iPhone
		{1F3A4E0A-1E07-4CAC-8897-37E6DAA75233}.AppStore|ARM.Deploy.0 = AppStore|iPhone
		{1F3A4E0A-1E07-4CAC-8897-37E6DAA75233}.AppStore|iPhone.ActiveCfg = AppStore|iPhone
		{1F3A4E0A-1E07-4CAC-8897-37E6DAA75233}.AppStore|iPhone.Build.0 = AppStore|iPhone
		{1F3A4E0A-1E07-4CAC-8897-37E6DAA75233}.AppStore|iPhone.Deploy.0 = AppStore|iPhone
		{1F3A4E0A-1E07-4CAC-8897-37E6DAA75233}.AppStore|iPhoneSimulator.ActiveCfg = AppStore|iPhoneSimulator
		{1F3A4E0A-1E07-4CAC-8897-37E6DAA75233}.AppStore|iPhoneSimulator.Build.0 = AppStore|iPhoneSimulator
		{1F3A4E0A-1E07-4CAC-8897-37E6DAA75233}.AppStore|iPhoneSimulator.Deploy.0 = AppStore|iPhoneSimulator
		{1F3A4E0A-1E07-4CAC-8897-37E6DAA75233}.AppStore|x64.ActiveCfg = AppStore|iPhone
		{1F3A4E0A-1E07-4CAC-8897-37E6DAA75233}.AppStore|x64.Build.0 = AppStore|iPhone
		{1F3A4E0A-1E07-4CAC-8897-37E6DAA75233}.AppStore|x64.Deploy.0 = AppStore|iPhone
		{1F3A4E0A-1E07-4CAC-8897-37E6DAA75233}.AppStore|x86.ActiveCfg = AppStore|iPhone
		{1F3A4E0A-1E07-4CAC-8897-37E6DAA75233}.AppStore|x86.Build.0 = AppStore|iPhone
		{1F3A4E0A-1E07-4CAC-8897-37E6DAA75233}.AppStore|x86.Deploy.0 = AppStore|iPhone
		{1F3A4E0A-1E07-4CAC-8897-37E6DAA75233}.Debug|Any CPU.ActiveCfg = Debug|iPhoneSimulator
		{1F3A4E0A-1E07-4CAC-8897-37E6DAA75233}.Debug|Any CPU.Build.0 = Debug|iPhoneSimulator
		{1F3A4E0A-1E07-4CAC-8897-37E6DAA75233}.Debug|Any CPU.Deploy.0 = Debug|iPhoneSimulator
		{1F3A4E0A-1E07-4CAC-8897-37E6DAA75233}.Debug|ARM.ActiveCfg = Debug|iPhone
		{1F3A4E0A-1E07-4CAC-8897-37E6DAA75233}.Debug|ARM.Build.0 = Debug|iPhone
		{1F3A4E0A-1E07-4CAC-8897-37E6DAA75233}.Debug|ARM.Deploy.0 = Debug|iPhone
		{1F3A4E0A-1E07-4CAC-8897-37E6DAA75233}.Debug|iPhone.ActiveCfg = Debug|iPhone
		{1F3A4E0A-1E07-4CAC-8897-37E6DAA75233}.Debug|iPhone.Build.0 = Debug|iPhone
		{1F3A4E0A-1E07-4CAC-8897-37E6DAA75233}.Debug|iPhone.Deploy.0 = Debug|iPhone
		{1F3A4E0A-1E07-4CAC-8897-37E6DAA75233}.Debug|iPhoneSimulator.ActiveCfg = Debug|iPhoneSimulator
		{1F3A4E0A-1E07-4CAC-8897-37E6DAA75233}.Debug|iPhoneSimulator.Build.0 = Debug|iPhoneSimulator
		{1F3A4E0A-1E07-4CAC-8897-37E6DAA75233}.Debug|iPhoneSimulator.Deploy.0 = Debug|iPhoneSimulator
		{1F3A4E0A-1E07-4CAC-8897-37E6DAA75233}.Debug|x64.ActiveCfg = Debug|iPhone
		{1F3A4E0A-1E07-4CAC-8897-37E6DAA75233}.Debug|x64.Build.0 = Debug|iPhone
		{1F3A4E0A-1E07-4CAC-8897-37E6DAA75233}.Debug|x64.Deploy.0 = Debug|iPhone
		{1F3A4E0A-1E07-4CAC-8897-37E6DAA75233}.Debug|x86.ActiveCfg = Debug|iPhone
		{1F3A4E0A-1E07-4CAC-8897-37E6DAA75233}.Debug|x86.Build.0 = Debug|iPhone
		{1F3A4E0A-1E07-4CAC-8897-37E6DAA75233}.Debug|x86.Deploy.0 = Debug|iPhone
		{1F3A4E0A-1E07-4CAC-8897-37E6DAA75233}.Release|Any CPU.ActiveCfg = Release|iPhone
		{1F3A4E0A-1E07-4CAC-8897-37E6DAA75233}.Release|Any CPU.Build.0 = Release|iPhone
		{1F3A4E0A-1E07-4CAC-8897-37E6DAA75233}.Release|Any CPU.Deploy.0 = Release|iPhone
		{1F3A4E0A-1E07-4CAC-8897-37E6DAA75233}.Release|ARM.ActiveCfg = Release|iPhone
		{1F3A4E0A-1E07-4CAC-8897-37E6DAA75233}.Release|ARM.Build.0 = Release|iPhone
		{1F3A4E0A-1E07-4CAC-8897-37E6DAA75233}.Release|ARM.Deploy.0 = Release|iPhone
		{1F3A4E0A-1E07-4CAC-8897-37E6DAA75233}.Release|iPhone.ActiveCfg = Release|iPhone
		{1F3A4E0A-1E07-4CAC-8897-37E6DAA75233}.Release|iPhone.Build.0 = Release|iPhone
		{1F3A4E0A-1E07-4CAC-8897-37E6DAA75233}.Release|iPhone.Deploy.0 = Release|iPhone
		{1F3A4E0A-1E07-4CAC-8897-37E6DAA75233}.Release|iPhoneSimulator.ActiveCfg = Release|iPhoneSimulator
		{1F3A4E0A-1E07-4CAC-8897-37E6DAA75233}.Release|iPhoneSimulator.Build.0 = Release|iPhoneSimulator
		{1F3A4E0A-1E07-4CAC-8897-37E6DAA75233}.Release|iPhoneSimulator.Deploy.0 = Release|iPhoneSimulator
		{1F3A4E0A-1E07-4CAC-8897-37E6DAA75233}.Release|x64.ActiveCfg = Release|iPhone
		{1F3A4E0A-1E07-4CAC-8897-37E6DAA75233}.Release|x64.Build.0 = Release|iPhone
		{1F3A4E0A-1E07-4CAC-8897-37E6DAA75233}.Release|x64.Deploy.0 = Release|iPhone
		{1F3A4E0A-1E07-4CAC-8897-37E6DAA75233}.Release|x86.ActiveCfg = Release|iPhone
		{1F3A4E0A-1E07-4CAC-8897-37E6DAA75233}.Release|x86.Build.0 = Release|iPhone
		{1F3A4E0A-1E07-4CAC-8897-37E6DAA75233}.Release|x86.Deploy.0 = Release|iPhone
		{7CF63EAB-7B83-434C-BA78-82737EA470E5}.Ad-Hoc|Any CPU.ActiveCfg = Release|x86
		{7CF63EAB-7B83-434C-BA78-82737EA470E5}.Ad-Hoc|Any CPU.Build.0 = Release|x86
		{7CF63EAB-7B83-434C-BA78-82737EA470E5}.Ad-Hoc|Any CPU.Deploy.0 = Release|x86
		{7CF63EAB-7B83-434C-BA78-82737EA470E5}.Ad-Hoc|ARM.ActiveCfg = Release|ARM
		{7CF63EAB-7B83-434C-BA78-82737EA470E5}.Ad-Hoc|ARM.Build.0 = Release|ARM
		{7CF63EAB-7B83-434C-BA78-82737EA470E5}.Ad-Hoc|ARM.Deploy.0 = Release|ARM
		{7CF63EAB-7B83-434C-BA78-82737EA470E5}.Ad-Hoc|iPhone.ActiveCfg = Release|x86
		{7CF63EAB-7B83-434C-BA78-82737EA470E5}.Ad-Hoc|iPhone.Build.0 = Release|x86
		{7CF63EAB-7B83-434C-BA78-82737EA470E5}.Ad-Hoc|iPhone.Deploy.0 = Release|x86
		{7CF63EAB-7B83-434C-BA78-82737EA470E5}.Ad-Hoc|iPhoneSimulator.ActiveCfg = Release|x86
		{7CF63EAB-7B83-434C-BA78-82737EA470E5}.Ad-Hoc|iPhoneSimulator.Build.0 = Release|x86
		{7CF63EAB-7B83-434C-BA78-82737EA470E5}.Ad-Hoc|iPhoneSimulator.Deploy.0 = Release|x86
		{7CF63EAB-7B83-434C-BA78-82737EA470E5}.Ad-Hoc|x64.ActiveCfg = Release|x64
		{7CF63EAB-7B83-434C-BA78-82737EA470E5}.Ad-Hoc|x64.Build.0 = Release|x64
		{7CF63EAB-7B83-434C-BA78-82737EA470E5}.Ad-Hoc|x64.Deploy.0 = Release|x64
		{7CF63EAB-7B83-434C-BA78-82737EA470E5}.Ad-Hoc|x86.ActiveCfg = Release|x86
		{7CF63EAB-7B83-434C-BA78-82737EA470E5}.Ad-Hoc|x86.Build.0 = Release|x86
		{7CF63EAB-7B83-434C-BA78-82737EA470E5}.Ad-Hoc|x86.Deploy.0 = Release|x86
		{7CF63EAB-7B83-434C-BA78-82737EA470E5}.AppStore|Any CPU.ActiveCfg = Release|x86
		{7CF63EAB-7B83-434C-BA78-82737EA470E5}.AppStore|Any CPU.Build.0 = Release|x86
		{7CF63EAB-7B83-434C-BA78-82737EA470E5}.AppStore|Any CPU.Deploy.0 = Release|x86
		{7CF63EAB-7B83-434C-BA78-82737EA470E5}.AppStore|ARM.ActiveCfg = Release|ARM
		{7CF63EAB-7B83-434C-BA78-82737EA470E5}.AppStore|ARM.Build.0 = Release|ARM
		{7CF63EAB-7B83-434C-BA78-82737EA470E5}.AppStore|ARM.Deploy.0 = Release|ARM
		{7CF63EAB-7B83-434C-BA78-82737EA470E5}.AppStore|iPhone.ActiveCfg = Release|x86
		{7CF63EAB-7B83-434C-BA78-82737EA470E5}.AppStore|iPhone.Build.0 = Release|x86
		{7CF63EAB-7B83-434C-BA78-82737EA470E5}.AppStore|iPhone.Deploy.0 = Release|x86
		{7CF63EAB-7B83-434C-BA78-82737EA470E5}.AppStore|iPhoneSimulator.ActiveCfg = Release|x86
		{7CF63EAB-7B83-434C-BA78-82737EA470E5}.AppStore|iPhoneSimulator.Build.0 = Release|x86
		{7CF63EAB-7B83-434C-BA78-82737EA470E5}.AppStore|iPhoneSimulator.Deploy.0 = Release|x86
		{7CF63EAB-7B83-434C-BA78-82737EA470E5}.AppStore|x64.ActiveCfg = Release|x64
		{7CF63EAB-7B83-434C-BA78-82737EA470E5}.AppStore|x64.Build.0 = Release|x64
		{7CF63EAB-7B83-434C-BA78-82737EA470E5}.AppStore|x64.Deploy.0 = Release|x64
		{7CF63EAB-7B83-434C-BA78-82737EA470E5}.AppStore|x86.ActiveCfg = Release|x86
		{7CF63EAB-7B83-434C-BA78-82737EA470E5}.AppStore|x86.Build.0 = Release|x86
		{7CF63EAB-7B83-434C-BA78-82737EA470E5}.AppStore|x86.Deploy.0 = Release|x86
		{7CF63EAB-7B83-434C-BA78-82737EA470E5}.Debug|Any CPU.ActiveCfg = Debug|x86
		{7CF63EAB-7B83-434C-BA78-82737EA470E5}.Debug|Any CPU.Build.0 = Debug|x86
		{7CF63EAB-7B83-434C-BA78-82737EA470E5}.Debug|Any CPU.Deploy.0 = Debug|x86
		{7CF63EAB-7B83-434C-BA78-82737EA470E5}.Debug|ARM.ActiveCfg = Debug|ARM
		{7CF63EAB-7B83-434C-BA78-82737EA470E5}.Debug|ARM.Build.0 = Debug|ARM
		{7CF63EAB-7B83-434C-BA78-82737EA470E5}.Debug|ARM.Deploy.0 = Debug|ARM
		{7CF63EAB-7B83-434C-BA78-82737EA470E5}.Debug|iPhone.ActiveCfg = Debug|x86
		{7CF63EAB-7B83-434C-BA78-82737EA470E5}.Debug|iPhone.Build.0 = Debug|x86
		{7CF63EAB-7B83-434C-BA78-82737EA470E5}.Debug|iPhone.Deploy.0 = Debug|x86
		{7CF63EAB-7B83-434C-BA78-82737EA470E5}.Debug|iPhoneSimulator.ActiveCfg = Debug|x86
		{7CF63EAB-7B83-434C-BA78-82737EA470E5}.Debug|iPhoneSimulator.Build.0 = Debug|x86
		{7CF63EAB-7B83-434C-BA78-82737EA470E5}.Debug|iPhoneSimulator.Deploy.0 = Debug|x86
		{7CF63EAB-7B83-434C-BA78-82737EA470E5}.Debug|x64.ActiveCfg = Debug|x64
		{7CF63EAB-7B83-434C-BA78-82737EA470E5}.Debug|x64.Build.0 = Debug|x64
		{7CF63EAB-7B83-434C-BA78-82737EA470E5}.Debug|x64.Deploy.0 = Debug|x64
		{7CF63EAB-7B83-434C-BA78-82737EA470E5}.Debug|x86.ActiveCfg = Debug|x86
		{7CF63EAB-7B83-434C-BA78-82737EA470E5}.Debug|x86.Build.0 = Debug|x86
		{7CF63EAB-7B83-434C-BA78-82737EA470E5}.Debug|x86.Deploy.0 = Debug|x86
		{7CF63EAB-7B83-434C-BA78-82737EA470E5}.Release|Any CPU.ActiveCfg = Release|x86
		{7CF63EAB-7B83-434C-BA78-82737EA470E5}.Release|Any CPU.Build.0 = Release|x86
		{7CF63EAB-7B83-434C-BA78-82737EA470E5}.Release|Any CPU.Deploy.0 = Release|x86
		{7CF63EAB-7B83-434C-BA78-82737EA470E5}.Release|ARM.ActiveCfg = Release|ARM
		{7CF63EAB-7B83-434C-BA78-82737EA470E5}.Release|ARM.Build.0 = Release|ARM
		{7CF63EAB-7B83-434C-BA78-82737EA470E5}.Release|ARM.Deploy.0 = Release|ARM
		{7CF63EAB-7B83-434C-BA78-82737EA470E5}.Release|iPhone.ActiveCfg = Release|x86
		{7CF63EAB-7B83-434C-BA78-82737EA470E5}.Release|iPhone.Build.0 = Release|x86
		{7CF63EAB-7B83-434C-BA78-82737EA470E5}.Release|iPhone.Deploy.0 = Release|x86
		{7CF63EAB-7B83-434C-BA78-82737EA470E5}.Release|iPhoneSimulator.ActiveCfg = Release|x86
		{7CF63EAB-7B83-434C-BA78-82737EA470E5}.Release|iPhoneSimulator.Build.0 = Release|x86
		{7CF63EAB-7B83-434C-BA78-82737EA470E5}.Release|iPhoneSimulator.Deploy.0 = Release|x86
		{7CF63EAB-7B83-434C-BA78-82737EA470E5}.Release|x64.ActiveCfg = Release|x64
		{7CF63EAB-7B83-434C-BA78-82737EA470E5}.Release|x64.Build.0 = Release|x64
		{7CF63EAB-7B83-434C-BA78-82737EA470E5}.Release|x64.Deploy.0 = Release|x64
		{7CF63EAB-7B83-434C-BA78-82737EA470E5}.Release|x86.ActiveCfg = Release|x86
		{7CF63EAB-7B83-434C-BA78-82737EA470E5}.Release|x86.Build.0 = Release|x86
		{7CF63EAB-7B83-434C-BA78-82737EA470E5}.Release|x86.Deploy.0 = Release|x86
		{DA305DBB-8463-4521-AE2E-F377B6E0C4B1}.Ad-Hoc|Any CPU.ActiveCfg = Debug|Any CPU
		{DA305DBB-8463-4521-AE2E-F377B6E0C4B1}.Ad-Hoc|Any CPU.Build.0 = Debug|Any CPU
		{DA305DBB-8463-4521-AE2E-F377B6E0C4B1}.Ad-Hoc|Any CPU.Deploy.0 = Debug|Any CPU
		{DA305DBB-8463-4521-AE2E-F377B6E0C4B1}.Ad-Hoc|ARM.ActiveCfg = Debug|Any CPU
		{DA305DBB-8463-4521-AE2E-F377B6E0C4B1}.Ad-Hoc|ARM.Build.0 = Debug|Any CPU
		{DA305DBB-8463-4521-AE2E-F377B6E0C4B1}.Ad-Hoc|ARM.Deploy.0 = Debug|Any CPU
		{DA305DBB-8463-4521-AE2E-F377B6E0C4B1}.Ad-Hoc|iPhone.ActiveCfg = Debug|Any CPU
		{DA305DBB-8463-4521-AE2E-F377B6E0C4B1}.Ad-Hoc|iPhone.Build.0 = Debug|Any CPU
		{DA305DBB-8463-4521-AE2E-F377B6E0C4B1}.Ad-Hoc|iPhone.Deploy.0 = Debug|Any CPU
		{DA305DBB-8463-4521-AE2E-F377B6E0C4B1}.Ad-Hoc|iPhoneSimulator.ActiveCfg = Debug|Any CPU
		{DA305DBB-8463-4521-AE2E-F377B6E0C4B1}.Ad-Hoc|iPhoneSimulator.Build.0 = Debug|Any CPU
		{DA305DBB-8463-4521-AE2E-F377B6E0C4B1}.Ad-Hoc|iPhoneSimulator.Deploy.0 = Debug|Any CPU
		{DA305DBB-8463-4521-AE2E-F377B6E0C4B1}.Ad-Hoc|x64.ActiveCfg = Debug|Any CPU
		{DA305DBB-8463-4521-AE2E-F377B6E0C4B1}.Ad-Hoc|x64.Build.0 = Debug|Any CPU
		{DA305DBB-8463-4521-AE2E-F377B6E0C4B1}.Ad-Hoc|x64.Deploy.0 = Debug|Any CPU
		{DA305DBB-8463-4521-AE2E-F377B6E0C4B1}.Ad-Hoc|x86.ActiveCfg = Debug|Any CPU
		{DA305DBB-8463-4521-AE2E-F377B6E0C4B1}.Ad-Hoc|x86.Build.0 = Debug|Any CPU
		{DA305DBB-8463-4521-AE2E-F377B6E0C4B1}.Ad-Hoc|x86.Deploy.0 = Debug|Any CPU
		{DA305DBB-8463-4521-AE2E-F377B6E0C4B1}.AppStore|Any CPU.ActiveCfg = Debug|Any CPU
		{DA305DBB-8463-4521-AE2E-F377B6E0C4B1}.AppStore|Any CPU.Build.0 = Debug|Any CPU
		{DA305DBB-8463-4521-AE2E-F377B6E0C4B1}.AppStore|Any CPU.Deploy.0 = Debug|Any CPU
		{DA305DBB-8463-4521-AE2E-F377B6E0C4B1}.AppStore|ARM.ActiveCfg = Debug|Any CPU
		{DA305DBB-8463-4521-AE2E-F377B6E0C4B1}.AppStore|ARM.Build.0 = Debug|Any CPU
		{DA305DBB-8463-4521-AE2E-F377B6E0C4B1}.AppStore|ARM.Deploy.0 = Debug|Any CPU
		{DA305DBB-8463-4521-AE2E-F377B6E0C4B1}.AppStore|iPhone.ActiveCfg = Debug|Any CPU
		{DA305DBB-8463-4521-AE2E-F377B6E0C4B1}.AppStore|iPhone.Build.0 = Debug|Any CPU
		{DA305DBB-8463-4521-AE2E-F377B6E0C4B1}.AppStore|iPhone.Deploy.0 = Debug|Any CPU
		{DA305DBB-8463-4521-AE2E-F377B6E0C4B1}.AppStore|iPhoneSimulator.ActiveCfg = Debug|Any CPU
		{DA305DBB-8463-4521-AE2E-F377B6E0C4B1}.AppStore|iPhoneSimulator.Build.0 = Debug|Any CPU
		{DA305DBB-8463-4521-AE2E-F377B6E0C4B1}.AppStore|iPhoneSimulator.Deploy.0 = Debug|Any CPU
		{DA305DBB-8463-4521-AE2E-F377B6E0C4B1}.AppStore|x64.ActiveCfg = Debug|Any CPU
		{DA305DBB-8463-4521-AE2E-F377B6E0C4B1}.AppStore|x64.Build.0 = Debug|Any CPU
		{DA305DBB-8463-4521-AE2E-F377B6E0C4B1}.AppStore|x64.Deploy.0 = Debug|Any CPU
		{DA305DBB-8463-4521-AE2E-F377B6E0C4B1}.AppStore|x86.ActiveCfg = Debug|Any CPU
		{DA305DBB-8463-4521-AE2E-F377B6E0C4B1}.AppStore|x86.Build.0 = Debug|Any CPU
		{DA305DBB-8463-4521-AE2E-F377B6E0C4B1}.AppStore|x86.Deploy.0 = Debug|Any CPU
		{DA305DBB-8463-4521-AE2E-F377B6E0C4B1}.Debug|Any CPU.ActiveCfg = Debug|Any CPU
		{DA305DBB-8463-4521-AE2E-F377B6E0C4B1}.Debug|Any CPU.Build.0 = Debug|Any CPU
		{DA305DBB-8463-4521-AE2E-F377B6E0C4B1}.Debug|Any CPU.Deploy.0 = Debug|Any CPU
		{DA305DBB-8463-4521-AE2E-F377B6E0C4B1}.Debug|ARM.ActiveCfg = Debug|Any CPU
		{DA305DBB-8463-4521-AE2E-F377B6E0C4B1}.Debug|ARM.Build.0 = Debug|Any CPU
		{DA305DBB-8463-4521-AE2E-F377B6E0C4B1}.Debug|ARM.Deploy.0 = Debug|Any CPU
		{DA305DBB-8463-4521-AE2E-F377B6E0C4B1}.Debug|iPhone.ActiveCfg = Debug|Any CPU
		{DA305DBB-8463-4521-AE2E-F377B6E0C4B1}.Debug|iPhone.Build.0 = Debug|Any CPU
		{DA305DBB-8463-4521-AE2E-F377B6E0C4B1}.Debug|iPhone.Deploy.0 = Debug|Any CPU
		{DA305DBB-8463-4521-AE2E-F377B6E0C4B1}.Debug|iPhoneSimulator.ActiveCfg = Debug|Any CPU
		{DA305DBB-8463-4521-AE2E-F377B6E0C4B1}.Debug|iPhoneSimulator.Build.0 = Debug|Any CPU
		{DA305DBB-8463-4521-AE2E-F377B6E0C4B1}.Debug|iPhoneSimulator.Deploy.0 = Debug|Any CPU
		{DA305DBB-8463-4521-AE2E-F377B6E0C4B1}.Debug|x64.ActiveCfg = Debug|Any CPU
		{DA305DBB-8463-4521-AE2E-F377B6E0C4B1}.Debug|x64.Build.0 = Debug|Any CPU
		{DA305DBB-8463-4521-AE2E-F377B6E0C4B1}.Debug|x64.Deploy.0 = Debug|Any CPU
		{DA305DBB-8463-4521-AE2E-F377B6E0C4B1}.Debug|x86.ActiveCfg = Debug|Any CPU
		{DA305DBB-8463-4521-AE2E-F377B6E0C4B1}.Debug|x86.Build.0 = Debug|Any CPU
		{DA305DBB-8463-4521-AE2E-F377B6E0C4B1}.Debug|x86.Deploy.0 = Debug|Any CPU
		{DA305DBB-8463-4521-AE2E-F377B6E0C4B1}.Release|Any CPU.ActiveCfg = Release|Any CPU
		{DA305DBB-8463-4521-AE2E-F377B6E0C4B1}.Release|Any CPU.Build.0 = Release|Any CPU
		{DA305DBB-8463-4521-AE2E-F377B6E0C4B1}.Release|Any CPU.Deploy.0 = Release|Any CPU
		{DA305DBB-8463-4521-AE2E-F377B6E0C4B1}.Release|ARM.ActiveCfg = Release|Any CPU
		{DA305DBB-8463-4521-AE2E-F377B6E0C4B1}.Release|ARM.Build.0 = Release|Any CPU
		{DA305DBB-8463-4521-AE2E-F377B6E0C4B1}.Release|ARM.Deploy.0 = Release|Any CPU
		{DA305DBB-8463-4521-AE2E-F377B6E0C4B1}.Release|iPhone.ActiveCfg = Release|Any CPU
		{DA305DBB-8463-4521-AE2E-F377B6E0C4B1}.Release|iPhone.Build.0 = Release|Any CPU
		{DA305DBB-8463-4521-AE2E-F377B6E0C4B1}.Release|iPhone.Deploy.0 = Release|Any CPU
		{DA305DBB-8463-4521-AE2E-F377B6E0C4B1}.Release|iPhoneSimulator.ActiveCfg = Release|Any CPU
		{DA305DBB-8463-4521-AE2E-F377B6E0C4B1}.Release|iPhoneSimulator.Build.0 = Release|Any CPU
		{DA305DBB-8463-4521-AE2E-F377B6E0C4B1}.Release|iPhoneSimulator.Deploy.0 = Release|Any CPU
		{DA305DBB-8463-4521-AE2E-F377B6E0C4B1}.Release|x64.ActiveCfg = Release|Any CPU
		{DA305DBB-8463-4521-AE2E-F377B6E0C4B1}.Release|x64.Build.0 = Release|Any CPU
		{DA305DBB-8463-4521-AE2E-F377B6E0C4B1}.Release|x64.Deploy.0 = Release|Any CPU
		{DA305DBB-8463-4521-AE2E-F377B6E0C4B1}.Release|x86.ActiveCfg = Release|Any CPU
		{DA305DBB-8463-4521-AE2E-F377B6E0C4B1}.Release|x86.Build.0 = Release|Any CPU
		{DA305DBB-8463-4521-AE2E-F377B6E0C4B1}.Release|x86.Deploy.0 = Release|Any CPU
		{884DBA00-CA0D-4A8A-8FE9-413033839A59}.Ad-Hoc|Any CPU.ActiveCfg = Release|Any CPU
		{884DBA00-CA0D-4A8A-8FE9-413033839A59}.Ad-Hoc|Any CPU.Build.0 = Release|Any CPU
		{884DBA00-CA0D-4A8A-8FE9-413033839A59}.Ad-Hoc|ARM.ActiveCfg = Release|Any CPU
		{884DBA00-CA0D-4A8A-8FE9-413033839A59}.Ad-Hoc|ARM.Build.0 = Release|Any CPU
		{884DBA00-CA0D-4A8A-8FE9-413033839A59}.Ad-Hoc|iPhone.ActiveCfg = Release|Any CPU
		{884DBA00-CA0D-4A8A-8FE9-413033839A59}.Ad-Hoc|iPhone.Build.0 = Release|Any CPU
		{884DBA00-CA0D-4A8A-8FE9-413033839A59}.Ad-Hoc|iPhoneSimulator.ActiveCfg = Release|Any CPU
		{884DBA00-CA0D-4A8A-8FE9-413033839A59}.Ad-Hoc|iPhoneSimulator.Build.0 = Release|Any CPU
		{884DBA00-CA0D-4A8A-8FE9-413033839A59}.Ad-Hoc|x64.ActiveCfg = Release|Any CPU
		{884DBA00-CA0D-4A8A-8FE9-413033839A59}.Ad-Hoc|x64.Build.0 = Release|Any CPU
		{884DBA00-CA0D-4A8A-8FE9-413033839A59}.Ad-Hoc|x86.ActiveCfg = Release|Any CPU
		{884DBA00-CA0D-4A8A-8FE9-413033839A59}.Ad-Hoc|x86.Build.0 = Release|Any CPU
		{884DBA00-CA0D-4A8A-8FE9-413033839A59}.AppStore|Any CPU.ActiveCfg = Release|Any CPU
		{884DBA00-CA0D-4A8A-8FE9-413033839A59}.AppStore|Any CPU.Build.0 = Release|Any CPU
		{884DBA00-CA0D-4A8A-8FE9-413033839A59}.AppStore|ARM.ActiveCfg = Release|Any CPU
		{884DBA00-CA0D-4A8A-8FE9-413033839A59}.AppStore|ARM.Build.0 = Release|Any CPU
		{884DBA00-CA0D-4A8A-8FE9-413033839A59}.AppStore|iPhone.ActiveCfg = Release|Any CPU
		{884DBA00-CA0D-4A8A-8FE9-413033839A59}.AppStore|iPhone.Build.0 = Release|Any CPU
		{884DBA00-CA0D-4A8A-8FE9-413033839A59}.AppStore|iPhoneSimulator.ActiveCfg = Release|Any CPU
		{884DBA00-CA0D-4A8A-8FE9-413033839A59}.AppStore|iPhoneSimulator.Build.0 = Release|Any CPU
		{884DBA00-CA0D-4A8A-8FE9-413033839A59}.AppStore|x64.ActiveCfg = Release|Any CPU
		{884DBA00-CA0D-4A8A-8FE9-413033839A59}.AppStore|x64.Build.0 = Release|Any CPU
		{884DBA00-CA0D-4A8A-8FE9-413033839A59}.AppStore|x86.ActiveCfg = Release|Any CPU
		{884DBA00-CA0D-4A8A-8FE9-413033839A59}.AppStore|x86.Build.0 = Release|Any CPU
		{884DBA00-CA0D-4A8A-8FE9-413033839A59}.Debug|Any CPU.ActiveCfg = Debug|Any CPU
		{884DBA00-CA0D-4A8A-8FE9-413033839A59}.Debug|Any CPU.Build.0 = Debug|Any CPU
		{884DBA00-CA0D-4A8A-8FE9-413033839A59}.Debug|ARM.ActiveCfg = Debug|Any CPU
		{884DBA00-CA0D-4A8A-8FE9-413033839A59}.Debug|ARM.Build.0 = Debug|Any CPU
		{884DBA00-CA0D-4A8A-8FE9-413033839A59}.Debug|iPhone.ActiveCfg = Debug|Any CPU
		{884DBA00-CA0D-4A8A-8FE9-413033839A59}.Debug|iPhone.Build.0 = Debug|Any CPU
		{884DBA00-CA0D-4A8A-8FE9-413033839A59}.Debug|iPhoneSimulator.ActiveCfg = Debug|Any CPU
		{884DBA00-CA0D-4A8A-8FE9-413033839A59}.Debug|iPhoneSimulator.Build.0 = Debug|Any CPU
		{884DBA00-CA0D-4A8A-8FE9-413033839A59}.Debug|x64.ActiveCfg = Debug|Any CPU
		{884DBA00-CA0D-4A8A-8FE9-413033839A59}.Debug|x64.Build.0 = Debug|Any CPU
		{884DBA00-CA0D-4A8A-8FE9-413033839A59}.Debug|x86.ActiveCfg = Debug|Any CPU
		{884DBA00-CA0D-4A8A-8FE9-413033839A59}.Debug|x86.Build.0 = Debug|Any CPU
		{884DBA00-CA0D-4A8A-8FE9-413033839A59}.Release|Any CPU.ActiveCfg = Release|Any CPU
		{884DBA00-CA0D-4A8A-8FE9-413033839A59}.Release|Any CPU.Build.0 = Release|Any CPU
		{884DBA00-CA0D-4A8A-8FE9-413033839A59}.Release|ARM.ActiveCfg = Release|Any CPU
		{884DBA00-CA0D-4A8A-8FE9-413033839A59}.Release|ARM.Build.0 = Release|Any CPU
		{884DBA00-CA0D-4A8A-8FE9-413033839A59}.Release|iPhone.ActiveCfg = Release|Any CPU
		{884DBA00-CA0D-4A8A-8FE9-413033839A59}.Release|iPhone.Build.0 = Release|Any CPU
		{884DBA00-CA0D-4A8A-8FE9-413033839A59}.Release|iPhoneSimulator.ActiveCfg = Release|Any CPU
		{884DBA00-CA0D-4A8A-8FE9-413033839A59}.Release|iPhoneSimulator.Build.0 = Release|Any CPU
		{884DBA00-CA0D-4A8A-8FE9-413033839A59}.Release|x64.ActiveCfg = Release|Any CPU
		{884DBA00-CA0D-4A8A-8FE9-413033839A59}.Release|x64.Build.0 = Release|Any CPU
		{884DBA00-CA0D-4A8A-8FE9-413033839A59}.Release|x86.ActiveCfg = Release|Any CPU
		{884DBA00-CA0D-4A8A-8FE9-413033839A59}.Release|x86.Build.0 = Release|Any CPU
		{A5F1BD24-7424-4F24-B2D4-903B9E9F4FE3}.Ad-Hoc|Any CPU.ActiveCfg = Release|Any CPU
		{A5F1BD24-7424-4F24-B2D4-903B9E9F4FE3}.Ad-Hoc|Any CPU.Build.0 = Release|Any CPU
		{A5F1BD24-7424-4F24-B2D4-903B9E9F4FE3}.Ad-Hoc|ARM.ActiveCfg = Release|Any CPU
		{A5F1BD24-7424-4F24-B2D4-903B9E9F4FE3}.Ad-Hoc|ARM.Build.0 = Release|Any CPU
		{A5F1BD24-7424-4F24-B2D4-903B9E9F4FE3}.Ad-Hoc|iPhone.ActiveCfg = Release|Any CPU
		{A5F1BD24-7424-4F24-B2D4-903B9E9F4FE3}.Ad-Hoc|iPhone.Build.0 = Release|Any CPU
		{A5F1BD24-7424-4F24-B2D4-903B9E9F4FE3}.Ad-Hoc|iPhoneSimulator.ActiveCfg = Release|Any CPU
		{A5F1BD24-7424-4F24-B2D4-903B9E9F4FE3}.Ad-Hoc|iPhoneSimulator.Build.0 = Release|Any CPU
		{A5F1BD24-7424-4F24-B2D4-903B9E9F4FE3}.Ad-Hoc|x64.ActiveCfg = Release|Any CPU
		{A5F1BD24-7424-4F24-B2D4-903B9E9F4FE3}.Ad-Hoc|x64.Build.0 = Release|Any CPU
		{A5F1BD24-7424-4F24-B2D4-903B9E9F4FE3}.Ad-Hoc|x86.ActiveCfg = Release|Any CPU
		{A5F1BD24-7424-4F24-B2D4-903B9E9F4FE3}.Ad-Hoc|x86.Build.0 = Release|Any CPU
		{A5F1BD24-7424-4F24-B2D4-903B9E9F4FE3}.AppStore|Any CPU.ActiveCfg = Release|Any CPU
		{A5F1BD24-7424-4F24-B2D4-903B9E9F4FE3}.AppStore|Any CPU.Build.0 = Release|Any CPU
		{A5F1BD24-7424-4F24-B2D4-903B9E9F4FE3}.AppStore|ARM.ActiveCfg = Release|Any CPU
		{A5F1BD24-7424-4F24-B2D4-903B9E9F4FE3}.AppStore|ARM.Build.0 = Release|Any CPU
		{A5F1BD24-7424-4F24-B2D4-903B9E9F4FE3}.AppStore|iPhone.ActiveCfg = Release|Any CPU
		{A5F1BD24-7424-4F24-B2D4-903B9E9F4FE3}.AppStore|iPhone.Build.0 = Release|Any CPU
		{A5F1BD24-7424-4F24-B2D4-903B9E9F4FE3}.AppStore|iPhoneSimulator.ActiveCfg = Release|Any CPU
		{A5F1BD24-7424-4F24-B2D4-903B9E9F4FE3}.AppStore|iPhoneSimulator.Build.0 = Release|Any CPU
		{A5F1BD24-7424-4F24-B2D4-903B9E9F4FE3}.AppStore|x64.ActiveCfg = Release|Any CPU
		{A5F1BD24-7424-4F24-B2D4-903B9E9F4FE3}.AppStore|x64.Build.0 = Release|Any CPU
		{A5F1BD24-7424-4F24-B2D4-903B9E9F4FE3}.AppStore|x86.ActiveCfg = Release|Any CPU
		{A5F1BD24-7424-4F24-B2D4-903B9E9F4FE3}.AppStore|x86.Build.0 = Release|Any CPU
		{A5F1BD24-7424-4F24-B2D4-903B9E9F4FE3}.Debug|Any CPU.ActiveCfg = Debug|Any CPU
		{A5F1BD24-7424-4F24-B2D4-903B9E9F4FE3}.Debug|Any CPU.Build.0 = Debug|Any CPU
		{A5F1BD24-7424-4F24-B2D4-903B9E9F4FE3}.Debug|ARM.ActiveCfg = Debug|Any CPU
		{A5F1BD24-7424-4F24-B2D4-903B9E9F4FE3}.Debug|ARM.Build.0 = Debug|Any CPU
		{A5F1BD24-7424-4F24-B2D4-903B9E9F4FE3}.Debug|iPhone.ActiveCfg = Debug|Any CPU
		{A5F1BD24-7424-4F24-B2D4-903B9E9F4FE3}.Debug|iPhone.Build.0 = Debug|Any CPU
		{A5F1BD24-7424-4F24-B2D4-903B9E9F4FE3}.Debug|iPhoneSimulator.ActiveCfg = Debug|Any CPU
		{A5F1BD24-7424-4F24-B2D4-903B9E9F4FE3}.Debug|iPhoneSimulator.Build.0 = Debug|Any CPU
		{A5F1BD24-7424-4F24-B2D4-903B9E9F4FE3}.Debug|x64.ActiveCfg = Debug|Any CPU
		{A5F1BD24-7424-4F24-B2D4-903B9E9F4FE3}.Debug|x64.Build.0 = Debug|Any CPU
		{A5F1BD24-7424-4F24-B2D4-903B9E9F4FE3}.Debug|x86.ActiveCfg = Debug|Any CPU
		{A5F1BD24-7424-4F24-B2D4-903B9E9F4FE3}.Debug|x86.Build.0 = Debug|Any CPU
		{A5F1BD24-7424-4F24-B2D4-903B9E9F4FE3}.Release|Any CPU.ActiveCfg = Release|Any CPU
		{A5F1BD24-7424-4F24-B2D4-903B9E9F4FE3}.Release|Any CPU.Build.0 = Release|Any CPU
		{A5F1BD24-7424-4F24-B2D4-903B9E9F4FE3}.Release|ARM.ActiveCfg = Release|Any CPU
		{A5F1BD24-7424-4F24-B2D4-903B9E9F4FE3}.Release|ARM.Build.0 = Release|Any CPU
		{A5F1BD24-7424-4F24-B2D4-903B9E9F4FE3}.Release|iPhone.ActiveCfg = Release|Any CPU
		{A5F1BD24-7424-4F24-B2D4-903B9E9F4FE3}.Release|iPhone.Build.0 = Release|Any CPU
		{A5F1BD24-7424-4F24-B2D4-903B9E9F4FE3}.Release|iPhoneSimulator.ActiveCfg = Release|Any CPU
		{A5F1BD24-7424-4F24-B2D4-903B9E9F4FE3}.Release|iPhoneSimulator.Build.0 = Release|Any CPU
		{A5F1BD24-7424-4F24-B2D4-903B9E9F4FE3}.Release|x64.ActiveCfg = Release|Any CPU
		{A5F1BD24-7424-4F24-B2D4-903B9E9F4FE3}.Release|x64.Build.0 = Release|Any CPU
		{A5F1BD24-7424-4F24-B2D4-903B9E9F4FE3}.Release|x86.ActiveCfg = Release|Any CPU
		{A5F1BD24-7424-4F24-B2D4-903B9E9F4FE3}.Release|x86.Build.0 = Release|Any CPU
		{D0A7DD87-17AB-423E-A6D1-32C35D670FA3}.Ad-Hoc|Any CPU.ActiveCfg = Release|Any CPU
		{D0A7DD87-17AB-423E-A6D1-32C35D670FA3}.Ad-Hoc|Any CPU.Build.0 = Release|Any CPU
		{D0A7DD87-17AB-423E-A6D1-32C35D670FA3}.Ad-Hoc|ARM.ActiveCfg = Release|Any CPU
		{D0A7DD87-17AB-423E-A6D1-32C35D670FA3}.Ad-Hoc|ARM.Build.0 = Release|Any CPU
		{D0A7DD87-17AB-423E-A6D1-32C35D670FA3}.Ad-Hoc|iPhone.ActiveCfg = Release|Any CPU
		{D0A7DD87-17AB-423E-A6D1-32C35D670FA3}.Ad-Hoc|iPhone.Build.0 = Release|Any CPU
		{D0A7DD87-17AB-423E-A6D1-32C35D670FA3}.Ad-Hoc|iPhoneSimulator.ActiveCfg = Release|Any CPU
		{D0A7DD87-17AB-423E-A6D1-32C35D670FA3}.Ad-Hoc|iPhoneSimulator.Build.0 = Release|Any CPU
		{D0A7DD87-17AB-423E-A6D1-32C35D670FA3}.Ad-Hoc|x64.ActiveCfg = Release|Any CPU
		{D0A7DD87-17AB-423E-A6D1-32C35D670FA3}.Ad-Hoc|x64.Build.0 = Release|Any CPU
		{D0A7DD87-17AB-423E-A6D1-32C35D670FA3}.Ad-Hoc|x86.ActiveCfg = Release|Any CPU
		{D0A7DD87-17AB-423E-A6D1-32C35D670FA3}.Ad-Hoc|x86.Build.0 = Release|Any CPU
		{D0A7DD87-17AB-423E-A6D1-32C35D670FA3}.AppStore|Any CPU.ActiveCfg = Release|Any CPU
		{D0A7DD87-17AB-423E-A6D1-32C35D670FA3}.AppStore|Any CPU.Build.0 = Release|Any CPU
		{D0A7DD87-17AB-423E-A6D1-32C35D670FA3}.AppStore|ARM.ActiveCfg = Release|Any CPU
		{D0A7DD87-17AB-423E-A6D1-32C35D670FA3}.AppStore|ARM.Build.0 = Release|Any CPU
		{D0A7DD87-17AB-423E-A6D1-32C35D670FA3}.AppStore|iPhone.ActiveCfg = Release|Any CPU
		{D0A7DD87-17AB-423E-A6D1-32C35D670FA3}.AppStore|iPhone.Build.0 = Release|Any CPU
		{D0A7DD87-17AB-423E-A6D1-32C35D670FA3}.AppStore|iPhoneSimulator.ActiveCfg = Release|Any CPU
		{D0A7DD87-17AB-423E-A6D1-32C35D670FA3}.AppStore|iPhoneSimulator.Build.0 = Release|Any CPU
		{D0A7DD87-17AB-423E-A6D1-32C35D670FA3}.AppStore|x64.ActiveCfg = Release|Any CPU
		{D0A7DD87-17AB-423E-A6D1-32C35D670FA3}.AppStore|x64.Build.0 = Release|Any CPU
		{D0A7DD87-17AB-423E-A6D1-32C35D670FA3}.AppStore|x86.ActiveCfg = Release|Any CPU
		{D0A7DD87-17AB-423E-A6D1-32C35D670FA3}.AppStore|x86.Build.0 = Release|Any CPU
		{D0A7DD87-17AB-423E-A6D1-32C35D670FA3}.Debug|Any CPU.ActiveCfg = Debug|Any CPU
		{D0A7DD87-17AB-423E-A6D1-32C35D670FA3}.Debug|Any CPU.Build.0 = Debug|Any CPU
		{D0A7DD87-17AB-423E-A6D1-32C35D670FA3}.Debug|ARM.ActiveCfg = Debug|Any CPU
		{D0A7DD87-17AB-423E-A6D1-32C35D670FA3}.Debug|ARM.Build.0 = Debug|Any CPU
		{D0A7DD87-17AB-423E-A6D1-32C35D670FA3}.Debug|iPhone.ActiveCfg = Debug|Any CPU
		{D0A7DD87-17AB-423E-A6D1-32C35D670FA3}.Debug|iPhone.Build.0 = Debug|Any CPU
		{D0A7DD87-17AB-423E-A6D1-32C35D670FA3}.Debug|iPhoneSimulator.ActiveCfg = Debug|Any CPU
		{D0A7DD87-17AB-423E-A6D1-32C35D670FA3}.Debug|iPhoneSimulator.Build.0 = Debug|Any CPU
		{D0A7DD87-17AB-423E-A6D1-32C35D670FA3}.Debug|x64.ActiveCfg = Debug|Any CPU
		{D0A7DD87-17AB-423E-A6D1-32C35D670FA3}.Debug|x64.Build.0 = Debug|Any CPU
		{D0A7DD87-17AB-423E-A6D1-32C35D670FA3}.Debug|x86.ActiveCfg = Debug|Any CPU
		{D0A7DD87-17AB-423E-A6D1-32C35D670FA3}.Debug|x86.Build.0 = Debug|Any CPU
		{D0A7DD87-17AB-423E-A6D1-32C35D670FA3}.Release|Any CPU.ActiveCfg = Release|Any CPU
		{D0A7DD87-17AB-423E-A6D1-32C35D670FA3}.Release|Any CPU.Build.0 = Release|Any CPU
		{D0A7DD87-17AB-423E-A6D1-32C35D670FA3}.Release|ARM.ActiveCfg = Release|Any CPU
		{D0A7DD87-17AB-423E-A6D1-32C35D670FA3}.Release|ARM.Build.0 = Release|Any CPU
		{D0A7DD87-17AB-423E-A6D1-32C35D670FA3}.Release|iPhone.ActiveCfg = Release|Any CPU
		{D0A7DD87-17AB-423E-A6D1-32C35D670FA3}.Release|iPhone.Build.0 = Release|Any CPU
		{D0A7DD87-17AB-423E-A6D1-32C35D670FA3}.Release|iPhoneSimulator.ActiveCfg = Release|Any CPU
		{D0A7DD87-17AB-423E-A6D1-32C35D670FA3}.Release|iPhoneSimulator.Build.0 = Release|Any CPU
		{D0A7DD87-17AB-423E-A6D1-32C35D670FA3}.Release|x64.ActiveCfg = Release|Any CPU
		{D0A7DD87-17AB-423E-A6D1-32C35D670FA3}.Release|x64.Build.0 = Release|Any CPU
		{D0A7DD87-17AB-423E-A6D1-32C35D670FA3}.Release|x86.ActiveCfg = Release|Any CPU
		{D0A7DD87-17AB-423E-A6D1-32C35D670FA3}.Release|x86.Build.0 = Release|Any CPU
		{DA82A67B-8B10-4465-BA39-15D1744EBF9C}.Ad-Hoc|Any CPU.ActiveCfg = Release|Any CPU
		{DA82A67B-8B10-4465-BA39-15D1744EBF9C}.Ad-Hoc|Any CPU.Build.0 = Release|Any CPU
		{DA82A67B-8B10-4465-BA39-15D1744EBF9C}.Ad-Hoc|ARM.ActiveCfg = Release|Any CPU
		{DA82A67B-8B10-4465-BA39-15D1744EBF9C}.Ad-Hoc|ARM.Build.0 = Release|Any CPU
		{DA82A67B-8B10-4465-BA39-15D1744EBF9C}.Ad-Hoc|iPhone.ActiveCfg = Release|Any CPU
		{DA82A67B-8B10-4465-BA39-15D1744EBF9C}.Ad-Hoc|iPhone.Build.0 = Release|Any CPU
		{DA82A67B-8B10-4465-BA39-15D1744EBF9C}.Ad-Hoc|iPhoneSimulator.ActiveCfg = Release|Any CPU
		{DA82A67B-8B10-4465-BA39-15D1744EBF9C}.Ad-Hoc|iPhoneSimulator.Build.0 = Release|Any CPU
		{DA82A67B-8B10-4465-BA39-15D1744EBF9C}.Ad-Hoc|x64.ActiveCfg = Release|Any CPU
		{DA82A67B-8B10-4465-BA39-15D1744EBF9C}.Ad-Hoc|x64.Build.0 = Release|Any CPU
		{DA82A67B-8B10-4465-BA39-15D1744EBF9C}.Ad-Hoc|x86.ActiveCfg = Release|Any CPU
		{DA82A67B-8B10-4465-BA39-15D1744EBF9C}.Ad-Hoc|x86.Build.0 = Release|Any CPU
		{DA82A67B-8B10-4465-BA39-15D1744EBF9C}.AppStore|Any CPU.ActiveCfg = Release|Any CPU
		{DA82A67B-8B10-4465-BA39-15D1744EBF9C}.AppStore|Any CPU.Build.0 = Release|Any CPU
		{DA82A67B-8B10-4465-BA39-15D1744EBF9C}.AppStore|ARM.ActiveCfg = Release|Any CPU
		{DA82A67B-8B10-4465-BA39-15D1744EBF9C}.AppStore|ARM.Build.0 = Release|Any CPU
		{DA82A67B-8B10-4465-BA39-15D1744EBF9C}.AppStore|iPhone.ActiveCfg = Release|Any CPU
		{DA82A67B-8B10-4465-BA39-15D1744EBF9C}.AppStore|iPhone.Build.0 = Release|Any CPU
		{DA82A67B-8B10-4465-BA39-15D1744EBF9C}.AppStore|iPhoneSimulator.ActiveCfg = Release|Any CPU
		{DA82A67B-8B10-4465-BA39-15D1744EBF9C}.AppStore|iPhoneSimulator.Build.0 = Release|Any CPU
		{DA82A67B-8B10-4465-BA39-15D1744EBF9C}.AppStore|x64.ActiveCfg = Release|Any CPU
		{DA82A67B-8B10-4465-BA39-15D1744EBF9C}.AppStore|x64.Build.0 = Release|Any CPU
		{DA82A67B-8B10-4465-BA39-15D1744EBF9C}.AppStore|x86.ActiveCfg = Release|Any CPU
		{DA82A67B-8B10-4465-BA39-15D1744EBF9C}.AppStore|x86.Build.0 = Release|Any CPU
		{DA82A67B-8B10-4465-BA39-15D1744EBF9C}.Debug|Any CPU.ActiveCfg = Debug|Any CPU
		{DA82A67B-8B10-4465-BA39-15D1744EBF9C}.Debug|Any CPU.Build.0 = Debug|Any CPU
		{DA82A67B-8B10-4465-BA39-15D1744EBF9C}.Debug|ARM.ActiveCfg = Debug|Any CPU
		{DA82A67B-8B10-4465-BA39-15D1744EBF9C}.Debug|ARM.Build.0 = Debug|Any CPU
		{DA82A67B-8B10-4465-BA39-15D1744EBF9C}.Debug|iPhone.ActiveCfg = Debug|Any CPU
		{DA82A67B-8B10-4465-BA39-15D1744EBF9C}.Debug|iPhone.Build.0 = Debug|Any CPU
		{DA82A67B-8B10-4465-BA39-15D1744EBF9C}.Debug|iPhoneSimulator.ActiveCfg = Debug|Any CPU
		{DA82A67B-8B10-4465-BA39-15D1744EBF9C}.Debug|iPhoneSimulator.Build.0 = Debug|Any CPU
		{DA82A67B-8B10-4465-BA39-15D1744EBF9C}.Debug|x64.ActiveCfg = Debug|Any CPU
		{DA82A67B-8B10-4465-BA39-15D1744EBF9C}.Debug|x64.Build.0 = Debug|Any CPU
		{DA82A67B-8B10-4465-BA39-15D1744EBF9C}.Debug|x86.ActiveCfg = Debug|Any CPU
		{DA82A67B-8B10-4465-BA39-15D1744EBF9C}.Debug|x86.Build.0 = Debug|Any CPU
		{DA82A67B-8B10-4465-BA39-15D1744EBF9C}.Release|Any CPU.ActiveCfg = Release|Any CPU
		{DA82A67B-8B10-4465-BA39-15D1744EBF9C}.Release|Any CPU.Build.0 = Release|Any CPU
		{DA82A67B-8B10-4465-BA39-15D1744EBF9C}.Release|ARM.ActiveCfg = Release|Any CPU
		{DA82A67B-8B10-4465-BA39-15D1744EBF9C}.Release|ARM.Build.0 = Release|Any CPU
		{DA82A67B-8B10-4465-BA39-15D1744EBF9C}.Release|iPhone.ActiveCfg = Release|Any CPU
		{DA82A67B-8B10-4465-BA39-15D1744EBF9C}.Release|iPhone.Build.0 = Release|Any CPU
		{DA82A67B-8B10-4465-BA39-15D1744EBF9C}.Release|iPhoneSimulator.ActiveCfg = Release|Any CPU
		{DA82A67B-8B10-4465-BA39-15D1744EBF9C}.Release|iPhoneSimulator.Build.0 = Release|Any CPU
		{DA82A67B-8B10-4465-BA39-15D1744EBF9C}.Release|x64.ActiveCfg = Release|Any CPU
		{DA82A67B-8B10-4465-BA39-15D1744EBF9C}.Release|x64.Build.0 = Release|Any CPU
		{DA82A67B-8B10-4465-BA39-15D1744EBF9C}.Release|x86.ActiveCfg = Release|Any CPU
		{DA82A67B-8B10-4465-BA39-15D1744EBF9C}.Release|x86.Build.0 = Release|Any CPU
	EndGlobalSection
	GlobalSection(SolutionProperties) = preSolution
		HideSolutionNode = FALSE
	EndGlobalSection
	GlobalSection(ExtensibilityGlobals) = postSolution
		SolutionGuid = {CA68B9C4-A269-4D14-8DD6-96025D4AE6B5}
	EndGlobalSection
EndGlobal
